// !$*UTF8*$!
{
	archiveVersion = 1;
	classes = {
	};
	objectVersion = 56;
	objects = {

/* Begin PBXBuildFile section */
		266C1C6ABEA3B92574460338 /* Pods_QuakeTower.framework in Frameworks */ = {isa = PBXBuildFile; fileRef = ACCCB3A93B8C59D1D47C8E1C /* Pods_QuakeTower.framework */; };
		5B89E1292B8999E900D9E6E8 /* AppDelegate.swift in Sources */ = {isa = PBXBuildFile; fileRef = 5B89E1282B8999E900D9E6E8 /* AppDelegate.swift */; };
		5B89E12B2B8999E900D9E6E8 /* SceneDelegate.swift in Sources */ = {isa = PBXBuildFile; fileRef = 5B89E12A2B8999E900D9E6E8 /* SceneDelegate.swift */; };
		5B89E12D2B8999E900D9E6E8 /* ViewController.swift in Sources */ = {isa = PBXBuildFile; fileRef = 5B89E12C2B8999E900D9E6E8 /* ViewController.swift */; };
		5B89E1302B8999E900D9E6E8 /* Main.storyboard in Resources */ = {isa = PBXBuildFile; fileRef = 5B89E12E2B8999E900D9E6E8 /* Main.storyboard */; };
		5B89E1322B8999E900D9E6E8 /* Assets.xcassets in Resources */ = {isa = PBXBuildFile; fileRef = 5B89E1312B8999E900D9E6E8 /* Assets.xcassets */; };
		5B89E1352B8999E900D9E6E8 /* LaunchScreen.storyboard in Resources */ = {isa = PBXBuildFile; fileRef = 5B89E1332B8999E900D9E6E8 /* LaunchScreen.storyboard */; };
		5B89E1402B8999E900D9E6E8 /* QuakeTowerTests.swift in Sources */ = {isa = PBXBuildFile; fileRef = 5B89E13F2B8999E900D9E6E8 /* QuakeTowerTests.swift */; };
		5B89E14A2B8999E900D9E6E8 /* QuakeTowerUITests.swift in Sources */ = {isa = PBXBuildFile; fileRef = 5B89E1492B8999E900D9E6E8 /* QuakeTowerUITests.swift */; };
		5B89E14C2B8999E900D9E6E8 /* QuakeTowerUITestsLaunchTests.swift in Sources */ = {isa = PBXBuildFile; fileRef = 5B89E14B2B8999E900D9E6E8 /* QuakeTowerUITestsLaunchTests.swift */; };
		5B89E15D2B89ADCF00D9E6E8 /* ViperProtocols.swift in Sources */ = {isa = PBXBuildFile; fileRef = 5B89E15C2B89ADCF00D9E6E8 /* ViperProtocols.swift */; };
		5B89E15F2B89AE0800D9E6E8 /* ViperExtensions.swift in Sources */ = {isa = PBXBuildFile; fileRef = 5B89E15E2B89AE0800D9E6E8 /* ViperExtensions.swift */; };
		5B89E1612B89AE9300D9E6E8 /* Api.swift in Sources */ = {isa = PBXBuildFile; fileRef = 5B89E1602B89AE9300D9E6E8 /* Api.swift */; };
		5B89E1632B89AF3B00D9E6E8 /* ApiClient.swift in Sources */ = {isa = PBXBuildFile; fileRef = 5B89E1622B89AF3B00D9E6E8 /* ApiClient.swift */; };
		5B89E1652B89AF5200D9E6E8 /* SystemErrors.swift in Sources */ = {isa = PBXBuildFile; fileRef = 5B89E1642B89AF5200D9E6E8 /* SystemErrors.swift */; };
		5B89E1672B89AF6E00D9E6E8 /* ServiceErrors.swift in Sources */ = {isa = PBXBuildFile; fileRef = 5B89E1662B89AF6E00D9E6E8 /* ServiceErrors.swift */; };
		5B89E16B2B89B17500D9E6E8 /* ApiInterface.swift in Sources */ = {isa = PBXBuildFile; fileRef = 5B89E16A2B89B17500D9E6E8 /* ApiInterface.swift */; };
		5B89E16D2B89B1AD00D9E6E8 /* Common.swift in Sources */ = {isa = PBXBuildFile; fileRef = 5B89E16C2B89B1AD00D9E6E8 /* Common.swift */; };
		5B89E16F2B89B34600D9E6E8 /* Alertable.swift in Sources */ = {isa = PBXBuildFile; fileRef = 5B89E16E2B89B34600D9E6E8 /* Alertable.swift */; };
		5B89E1772B89D11C00D9E6E8 /* SignInViewController.swift in Sources */ = {isa = PBXBuildFile; fileRef = 5B89E1762B89D11C00D9E6E8 /* SignInViewController.swift */; };
		5B89E1792B89D23100D9E6E8 /* SignIn.storyboard in Resources */ = {isa = PBXBuildFile; fileRef = 5B89E1782B89D23100D9E6E8 /* SignIn.storyboard */; };
		5B89E17B2B89D23D00D9E6E8 /* SignInPresenter.swift in Sources */ = {isa = PBXBuildFile; fileRef = 5B89E17A2B89D23D00D9E6E8 /* SignInPresenter.swift */; };
		5B89E17D2B89D24700D9E6E8 /* SignInRouter.swift in Sources */ = {isa = PBXBuildFile; fileRef = 5B89E17C2B89D24700D9E6E8 /* SignInRouter.swift */; };
		5B89E1802B89D31800D9E6E8 /* SignInInteractor.swift in Sources */ = {isa = PBXBuildFile; fileRef = 5B89E17F2B89D31800D9E6E8 /* SignInInteractor.swift */; };
		5B89E1822B89D39800D9E6E8 /* R.generated.swift in Sources */ = {isa = PBXBuildFile; fileRef = 5B89E1812B89D39800D9E6E8 /* R.generated.swift */; };
		5B89E1862B89DF5600D9E6E8 /* Apis.swift in Sources */ = {isa = PBXBuildFile; fileRef = 5B89E1852B89DF5600D9E6E8 /* Apis.swift */; };
		5B89E1892B89EFFC00D9E6E8 /* SignInEntity.swift in Sources */ = {isa = PBXBuildFile; fileRef = 5B89E1882B89EFFC00D9E6E8 /* SignInEntity.swift */; };
		5B89E18B2B89F0C900D9E6E8 /* ApiService.swift in Sources */ = {isa = PBXBuildFile; fileRef = 5B89E18A2B89F0C900D9E6E8 /* ApiService.swift */; };
		5B89E18D2B89F18000D9E6E8 /* AlamofireApiClient.swift in Sources */ = {isa = PBXBuildFile; fileRef = 5B89E18C2B89F18000D9E6E8 /* AlamofireApiClient.swift */; };
		5B89E1902B89F27D00D9E6E8 /* Session.swift in Sources */ = {isa = PBXBuildFile; fileRef = 5B89E18F2B89F27D00D9E6E8 /* Session.swift */; };
		5B89E1932B89F38300D9E6E8 /* Keychain.swift in Sources */ = {isa = PBXBuildFile; fileRef = 5B89E1922B89F38300D9E6E8 /* Keychain.swift */; };
		5B89E1952B89F41000D9E6E8 /* StoredValue.swift in Sources */ = {isa = PBXBuildFile; fileRef = 5B89E1942B89F41000D9E6E8 /* StoredValue.swift */; };
		5B89E1982B8A106400D9E6E8 /* QuakeTowerAccount.swift in Sources */ = {isa = PBXBuildFile; fileRef = 5B89E1972B8A106400D9E6E8 /* QuakeTowerAccount.swift */; };
		5B89E19A2B8B3AC100D9E6E8 /* Extensions.swift in Sources */ = {isa = PBXBuildFile; fileRef = 5B89E1992B8B3AC100D9E6E8 /* Extensions.swift */; };
		5B89E19F2B8C4C2600D9E6E8 /* SignInSpec.swift in Sources */ = {isa = PBXBuildFile; fileRef = 5B89E19E2B8C4C2600D9E6E8 /* SignInSpec.swift */; };
		5B89E1A52B8C6A4200D9E6E8 /* MockApiClient.swift in Sources */ = {isa = PBXBuildFile; fileRef = 5B89E1A42B8C6A4200D9E6E8 /* MockApiClient.swift */; };
		5B89E1A72B8C6A6C00D9E6E8 /* TestingError.swift in Sources */ = {isa = PBXBuildFile; fileRef = 5B89E1A62B8C6A6C00D9E6E8 /* TestingError.swift */; };
		5B89E1A82B8C6A7800D9E6E8 /* TestingError.swift in Sources */ = {isa = PBXBuildFile; fileRef = 5B89E1A62B8C6A6C00D9E6E8 /* TestingError.swift */; };
		5B89E1AA2B8C764D00D9E6E8 /* SignUpViewController.swift in Sources */ = {isa = PBXBuildFile; fileRef = 5B89E1A92B8C764D00D9E6E8 /* SignUpViewController.swift */; };
		5B89E1AC2B8C765600D9E6E8 /* SignUp.storyboard in Resources */ = {isa = PBXBuildFile; fileRef = 5B89E1AB2B8C765600D9E6E8 /* SignUp.storyboard */; };
		5B89E1AE2B8C766000D9E6E8 /* SignUpPresenter.swift in Sources */ = {isa = PBXBuildFile; fileRef = 5B89E1AD2B8C766000D9E6E8 /* SignUpPresenter.swift */; };
		5B89E1B02B8C766700D9E6E8 /* SignUpRouter.swift in Sources */ = {isa = PBXBuildFile; fileRef = 5B89E1AF2B8C766700D9E6E8 /* SignUpRouter.swift */; };
		5B89E1B22B8C767000D9E6E8 /* SignUpInteractor.swift in Sources */ = {isa = PBXBuildFile; fileRef = 5B89E1B12B8C767000D9E6E8 /* SignUpInteractor.swift */; };
		5B89E1B42B8C9D9500D9E6E8 /* SignUpEntity.swift in Sources */ = {isa = PBXBuildFile; fileRef = 5B89E1B32B8C9D9500D9E6E8 /* SignUpEntity.swift */; };
		B4A4246021BC4E4AAE874E83 /* Pods_QuakeTowerTests.framework in Frameworks */ = {isa = PBXBuildFile; fileRef = B8938223B9ACD63FF506D606 /* Pods_QuakeTowerTests.framework */; };
		E1A69F1285C41AE2F534E4DC /* Pods_QuakeTower_QuakeTowerUITests.framework in Frameworks */ = {isa = PBXBuildFile; fileRef = A0CA8F10A17F60A9711D8D75 /* Pods_QuakeTower_QuakeTowerUITests.framework */; };
/* End PBXBuildFile section */

/* Begin PBXContainerItemProxy section */
		5B89E13C2B8999E900D9E6E8 /* PBXContainerItemProxy */ = {
			isa = PBXContainerItemProxy;
			containerPortal = 5B89E11D2B8999E800D9E6E8 /* Project object */;
			proxyType = 1;
			remoteGlobalIDString = 5B89E1242B8999E900D9E6E8;
			remoteInfo = QuakeTower;
		};
		5B89E1462B8999E900D9E6E8 /* PBXContainerItemProxy */ = {
			isa = PBXContainerItemProxy;
			containerPortal = 5B89E11D2B8999E800D9E6E8 /* Project object */;
			proxyType = 1;
			remoteGlobalIDString = 5B89E1242B8999E900D9E6E8;
			remoteInfo = QuakeTower;
		};
/* End PBXContainerItemProxy section */

/* Begin PBXFileReference section */
		0DF0B1D014E9562A126F255B /* Pods-QuakeTower.debug.xcconfig */ = {isa = PBXFileReference; includeInIndex = 1; lastKnownFileType = text.xcconfig; name = "Pods-QuakeTower.debug.xcconfig"; path = "Target Support Files/Pods-QuakeTower/Pods-QuakeTower.debug.xcconfig"; sourceTree = "<group>"; };
		241C326D89AA8AF5DF540DA9 /* Pods-QuakeTowerTests.debug.xcconfig */ = {isa = PBXFileReference; includeInIndex = 1; lastKnownFileType = text.xcconfig; name = "Pods-QuakeTowerTests.debug.xcconfig"; path = "Target Support Files/Pods-QuakeTowerTests/Pods-QuakeTowerTests.debug.xcconfig"; sourceTree = "<group>"; };
		40487BDA4E5D95D6FA584AC2 /* Pods-QuakeTower-QuakeTowerUITests.release.xcconfig */ = {isa = PBXFileReference; includeInIndex = 1; lastKnownFileType = text.xcconfig; name = "Pods-QuakeTower-QuakeTowerUITests.release.xcconfig"; path = "Target Support Files/Pods-QuakeTower-QuakeTowerUITests/Pods-QuakeTower-QuakeTowerUITests.release.xcconfig"; sourceTree = "<group>"; };
		5B89E1252B8999E900D9E6E8 /* QuakeTower.app */ = {isa = PBXFileReference; explicitFileType = wrapper.application; includeInIndex = 0; path = QuakeTower.app; sourceTree = BUILT_PRODUCTS_DIR; };
		5B89E1282B8999E900D9E6E8 /* AppDelegate.swift */ = {isa = PBXFileReference; lastKnownFileType = sourcecode.swift; path = AppDelegate.swift; sourceTree = "<group>"; };
		5B89E12A2B8999E900D9E6E8 /* SceneDelegate.swift */ = {isa = PBXFileReference; lastKnownFileType = sourcecode.swift; path = SceneDelegate.swift; sourceTree = "<group>"; };
		5B89E12C2B8999E900D9E6E8 /* ViewController.swift */ = {isa = PBXFileReference; lastKnownFileType = sourcecode.swift; path = ViewController.swift; sourceTree = "<group>"; };
		5B89E12F2B8999E900D9E6E8 /* Base */ = {isa = PBXFileReference; lastKnownFileType = file.storyboard; name = Base; path = Base.lproj/Main.storyboard; sourceTree = "<group>"; };
		5B89E1312B8999E900D9E6E8 /* Assets.xcassets */ = {isa = PBXFileReference; lastKnownFileType = folder.assetcatalog; path = Assets.xcassets; sourceTree = "<group>"; };
		5B89E1342B8999E900D9E6E8 /* Base */ = {isa = PBXFileReference; lastKnownFileType = file.storyboard; name = Base; path = Base.lproj/LaunchScreen.storyboard; sourceTree = "<group>"; };
		5B89E1362B8999E900D9E6E8 /* Info.plist */ = {isa = PBXFileReference; lastKnownFileType = text.plist.xml; path = Info.plist; sourceTree = "<group>"; };
		5B89E13B2B8999E900D9E6E8 /* QuakeTowerTests.xctest */ = {isa = PBXFileReference; explicitFileType = wrapper.cfbundle; includeInIndex = 0; path = QuakeTowerTests.xctest; sourceTree = BUILT_PRODUCTS_DIR; };
		5B89E13F2B8999E900D9E6E8 /* QuakeTowerTests.swift */ = {isa = PBXFileReference; lastKnownFileType = sourcecode.swift; path = QuakeTowerTests.swift; sourceTree = "<group>"; };
		5B89E1452B8999E900D9E6E8 /* QuakeTowerUITests.xctest */ = {isa = PBXFileReference; explicitFileType = wrapper.cfbundle; includeInIndex = 0; path = QuakeTowerUITests.xctest; sourceTree = BUILT_PRODUCTS_DIR; };
		5B89E1492B8999E900D9E6E8 /* QuakeTowerUITests.swift */ = {isa = PBXFileReference; lastKnownFileType = sourcecode.swift; path = QuakeTowerUITests.swift; sourceTree = "<group>"; };
		5B89E14B2B8999E900D9E6E8 /* QuakeTowerUITestsLaunchTests.swift */ = {isa = PBXFileReference; lastKnownFileType = sourcecode.swift; path = QuakeTowerUITestsLaunchTests.swift; sourceTree = "<group>"; };
		5B89E15C2B89ADCF00D9E6E8 /* ViperProtocols.swift */ = {isa = PBXFileReference; lastKnownFileType = sourcecode.swift; path = ViperProtocols.swift; sourceTree = "<group>"; };
		5B89E15E2B89AE0800D9E6E8 /* ViperExtensions.swift */ = {isa = PBXFileReference; lastKnownFileType = sourcecode.swift; path = ViperExtensions.swift; sourceTree = "<group>"; };
		5B89E1602B89AE9300D9E6E8 /* Api.swift */ = {isa = PBXFileReference; lastKnownFileType = sourcecode.swift; path = Api.swift; sourceTree = "<group>"; };
		5B89E1622B89AF3B00D9E6E8 /* ApiClient.swift */ = {isa = PBXFileReference; lastKnownFileType = sourcecode.swift; path = ApiClient.swift; sourceTree = "<group>"; };
		5B89E1642B89AF5200D9E6E8 /* SystemErrors.swift */ = {isa = PBXFileReference; lastKnownFileType = sourcecode.swift; path = SystemErrors.swift; sourceTree = "<group>"; };
		5B89E1662B89AF6E00D9E6E8 /* ServiceErrors.swift */ = {isa = PBXFileReference; lastKnownFileType = sourcecode.swift; path = ServiceErrors.swift; sourceTree = "<group>"; };
		5B89E16A2B89B17500D9E6E8 /* ApiInterface.swift */ = {isa = PBXFileReference; lastKnownFileType = sourcecode.swift; path = ApiInterface.swift; sourceTree = "<group>"; };
		5B89E16C2B89B1AD00D9E6E8 /* Common.swift */ = {isa = PBXFileReference; lastKnownFileType = sourcecode.swift; path = Common.swift; sourceTree = "<group>"; };
		5B89E16E2B89B34600D9E6E8 /* Alertable.swift */ = {isa = PBXFileReference; lastKnownFileType = sourcecode.swift; path = Alertable.swift; sourceTree = "<group>"; };
		5B89E1762B89D11C00D9E6E8 /* SignInViewController.swift */ = {isa = PBXFileReference; lastKnownFileType = sourcecode.swift; path = SignInViewController.swift; sourceTree = "<group>"; };
		5B89E1782B89D23100D9E6E8 /* SignIn.storyboard */ = {isa = PBXFileReference; lastKnownFileType = file.storyboard; path = SignIn.storyboard; sourceTree = "<group>"; };
		5B89E17A2B89D23D00D9E6E8 /* SignInPresenter.swift */ = {isa = PBXFileReference; lastKnownFileType = sourcecode.swift; path = SignInPresenter.swift; sourceTree = "<group>"; };
		5B89E17C2B89D24700D9E6E8 /* SignInRouter.swift */ = {isa = PBXFileReference; lastKnownFileType = sourcecode.swift; path = SignInRouter.swift; sourceTree = "<group>"; };
		5B89E17F2B89D31800D9E6E8 /* SignInInteractor.swift */ = {isa = PBXFileReference; lastKnownFileType = sourcecode.swift; path = SignInInteractor.swift; sourceTree = "<group>"; };
		5B89E1812B89D39800D9E6E8 /* R.generated.swift */ = {isa = PBXFileReference; fileEncoding = 4; lastKnownFileType = sourcecode.swift; path = R.generated.swift; sourceTree = "<group>"; };
		5B89E1852B89DF5600D9E6E8 /* Apis.swift */ = {isa = PBXFileReference; lastKnownFileType = sourcecode.swift; path = Apis.swift; sourceTree = "<group>"; };
		5B89E1882B89EFFC00D9E6E8 /* SignInEntity.swift */ = {isa = PBXFileReference; lastKnownFileType = sourcecode.swift; path = SignInEntity.swift; sourceTree = "<group>"; };
		5B89E18A2B89F0C900D9E6E8 /* ApiService.swift */ = {isa = PBXFileReference; lastKnownFileType = sourcecode.swift; path = ApiService.swift; sourceTree = "<group>"; };
		5B89E18C2B89F18000D9E6E8 /* AlamofireApiClient.swift */ = {isa = PBXFileReference; lastKnownFileType = sourcecode.swift; path = AlamofireApiClient.swift; sourceTree = "<group>"; };
		5B89E18F2B89F27D00D9E6E8 /* Session.swift */ = {isa = PBXFileReference; lastKnownFileType = sourcecode.swift; path = Session.swift; sourceTree = "<group>"; };
		5B89E1922B89F38300D9E6E8 /* Keychain.swift */ = {isa = PBXFileReference; lastKnownFileType = sourcecode.swift; path = Keychain.swift; sourceTree = "<group>"; };
		5B89E1942B89F41000D9E6E8 /* StoredValue.swift */ = {isa = PBXFileReference; lastKnownFileType = sourcecode.swift; path = StoredValue.swift; sourceTree = "<group>"; };
		5B89E1972B8A106400D9E6E8 /* QuakeTowerAccount.swift */ = {isa = PBXFileReference; lastKnownFileType = sourcecode.swift; path = QuakeTowerAccount.swift; sourceTree = "<group>"; };
		5B89E1992B8B3AC100D9E6E8 /* Extensions.swift */ = {isa = PBXFileReference; lastKnownFileType = sourcecode.swift; path = Extensions.swift; sourceTree = "<group>"; };
		5B89E19E2B8C4C2600D9E6E8 /* SignInSpec.swift */ = {isa = PBXFileReference; lastKnownFileType = sourcecode.swift; path = SignInSpec.swift; sourceTree = "<group>"; };
		5B89E1A42B8C6A4200D9E6E8 /* MockApiClient.swift */ = {isa = PBXFileReference; lastKnownFileType = sourcecode.swift; path = MockApiClient.swift; sourceTree = "<group>"; };
		5B89E1A62B8C6A6C00D9E6E8 /* TestingError.swift */ = {isa = PBXFileReference; lastKnownFileType = sourcecode.swift; path = TestingError.swift; sourceTree = "<group>"; };
		5B89E1A92B8C764D00D9E6E8 /* SignUpViewController.swift */ = {isa = PBXFileReference; lastKnownFileType = sourcecode.swift; path = SignUpViewController.swift; sourceTree = "<group>"; };
		5B89E1AB2B8C765600D9E6E8 /* SignUp.storyboard */ = {isa = PBXFileReference; lastKnownFileType = file.storyboard; path = SignUp.storyboard; sourceTree = "<group>"; };
		5B89E1AD2B8C766000D9E6E8 /* SignUpPresenter.swift */ = {isa = PBXFileReference; lastKnownFileType = sourcecode.swift; path = SignUpPresenter.swift; sourceTree = "<group>"; };
		5B89E1AF2B8C766700D9E6E8 /* SignUpRouter.swift */ = {isa = PBXFileReference; lastKnownFileType = sourcecode.swift; path = SignUpRouter.swift; sourceTree = "<group>"; };
		5B89E1B12B8C767000D9E6E8 /* SignUpInteractor.swift */ = {isa = PBXFileReference; lastKnownFileType = sourcecode.swift; path = SignUpInteractor.swift; sourceTree = "<group>"; };
		5B89E1B32B8C9D9500D9E6E8 /* SignUpEntity.swift */ = {isa = PBXFileReference; lastKnownFileType = sourcecode.swift; path = SignUpEntity.swift; sourceTree = "<group>"; };
		6582F4CA4A8ADC8A108F7FE8 /* Pods-QuakeTower-QuakeTowerUITests.debug.xcconfig */ = {isa = PBXFileReference; includeInIndex = 1; lastKnownFileType = text.xcconfig; name = "Pods-QuakeTower-QuakeTowerUITests.debug.xcconfig"; path = "Target Support Files/Pods-QuakeTower-QuakeTowerUITests/Pods-QuakeTower-QuakeTowerUITests.debug.xcconfig"; sourceTree = "<group>"; };
		7EFE7A18761178982EFA008D /* Pods-QuakeTower.release.xcconfig */ = {isa = PBXFileReference; includeInIndex = 1; lastKnownFileType = text.xcconfig; name = "Pods-QuakeTower.release.xcconfig"; path = "Target Support Files/Pods-QuakeTower/Pods-QuakeTower.release.xcconfig"; sourceTree = "<group>"; };
		A0CA8F10A17F60A9711D8D75 /* Pods_QuakeTower_QuakeTowerUITests.framework */ = {isa = PBXFileReference; explicitFileType = wrapper.framework; includeInIndex = 0; path = Pods_QuakeTower_QuakeTowerUITests.framework; sourceTree = BUILT_PRODUCTS_DIR; };
		ACCCB3A93B8C59D1D47C8E1C /* Pods_QuakeTower.framework */ = {isa = PBXFileReference; explicitFileType = wrapper.framework; includeInIndex = 0; path = Pods_QuakeTower.framework; sourceTree = BUILT_PRODUCTS_DIR; };
		B88474D3EE97E74CBD160449 /* Pods-QuakeTowerTests.release.xcconfig */ = {isa = PBXFileReference; includeInIndex = 1; lastKnownFileType = text.xcconfig; name = "Pods-QuakeTowerTests.release.xcconfig"; path = "Target Support Files/Pods-QuakeTowerTests/Pods-QuakeTowerTests.release.xcconfig"; sourceTree = "<group>"; };
		B8938223B9ACD63FF506D606 /* Pods_QuakeTowerTests.framework */ = {isa = PBXFileReference; explicitFileType = wrapper.framework; includeInIndex = 0; path = Pods_QuakeTowerTests.framework; sourceTree = BUILT_PRODUCTS_DIR; };
/* End PBXFileReference section */

/* Begin PBXFrameworksBuildPhase section */
		5B89E1222B8999E900D9E6E8 /* Frameworks */ = {
			isa = PBXFrameworksBuildPhase;
			buildActionMask = 2147483647;
			files = (
				266C1C6ABEA3B92574460338 /* Pods_QuakeTower.framework in Frameworks */,
			);
			runOnlyForDeploymentPostprocessing = 0;
		};
		5B89E1382B8999E900D9E6E8 /* Frameworks */ = {
			isa = PBXFrameworksBuildPhase;
			buildActionMask = 2147483647;
			files = (
				B4A4246021BC4E4AAE874E83 /* Pods_QuakeTowerTests.framework in Frameworks */,
			);
			runOnlyForDeploymentPostprocessing = 0;
		};
		5B89E1422B8999E900D9E6E8 /* Frameworks */ = {
			isa = PBXFrameworksBuildPhase;
			buildActionMask = 2147483647;
			files = (
				E1A69F1285C41AE2F534E4DC /* Pods_QuakeTower_QuakeTowerUITests.framework in Frameworks */,
			);
			runOnlyForDeploymentPostprocessing = 0;
		};
/* End PBXFrameworksBuildPhase section */

/* Begin PBXGroup section */
		0A94DE36AD2131C54443CC74 /* Pods */ = {
			isa = PBXGroup;
			children = (
				0DF0B1D014E9562A126F255B /* Pods-QuakeTower.debug.xcconfig */,
				7EFE7A18761178982EFA008D /* Pods-QuakeTower.release.xcconfig */,
				6582F4CA4A8ADC8A108F7FE8 /* Pods-QuakeTower-QuakeTowerUITests.debug.xcconfig */,
				40487BDA4E5D95D6FA584AC2 /* Pods-QuakeTower-QuakeTowerUITests.release.xcconfig */,
				241C326D89AA8AF5DF540DA9 /* Pods-QuakeTowerTests.debug.xcconfig */,
				B88474D3EE97E74CBD160449 /* Pods-QuakeTowerTests.release.xcconfig */,
			);
			path = Pods;
			sourceTree = "<group>";
		};
		5B89E11C2B8999E800D9E6E8 = {
			isa = PBXGroup;
			children = (
				5B89E1272B8999E900D9E6E8 /* QuakeTower */,
				5B89E13E2B8999E900D9E6E8 /* QuakeTowerTests */,
				5B89E1482B8999E900D9E6E8 /* QuakeTowerUITests */,
				5B89E1262B8999E900D9E6E8 /* Products */,
				0A94DE36AD2131C54443CC74 /* Pods */,
				C636BC606C536BF1BB04A326 /* Frameworks */,
			);
			sourceTree = "<group>";
		};
		5B89E1262B8999E900D9E6E8 /* Products */ = {
			isa = PBXGroup;
			children = (
				5B89E1252B8999E900D9E6E8 /* QuakeTower.app */,
				5B89E13B2B8999E900D9E6E8 /* QuakeTowerTests.xctest */,
				5B89E1452B8999E900D9E6E8 /* QuakeTowerUITests.xctest */,
			);
			name = Products;
			sourceTree = "<group>";
		};
		5B89E1272B8999E900D9E6E8 /* QuakeTower */ = {
			isa = PBXGroup;
			children = (
				5B89E15A2B89ADA800D9E6E8 /* Service */,
				5B89E15B2B89ADB700D9E6E8 /* System */,
				5B89E1282B8999E900D9E6E8 /* AppDelegate.swift */,
				5B89E12A2B8999E900D9E6E8 /* SceneDelegate.swift */,
				5B89E12C2B8999E900D9E6E8 /* ViewController.swift */,
				5B89E12E2B8999E900D9E6E8 /* Main.storyboard */,
				5B89E1312B8999E900D9E6E8 /* Assets.xcassets */,
				5B89E1812B89D39800D9E6E8 /* R.generated.swift */,
				5B89E1332B8999E900D9E6E8 /* LaunchScreen.storyboard */,
				5B89E1362B8999E900D9E6E8 /* Info.plist */,
			);
			path = QuakeTower;
			sourceTree = "<group>";
		};
		5B89E13E2B8999E900D9E6E8 /* QuakeTowerTests */ = {
			isa = PBXGroup;
			children = (
				5B89E19B2B8C496800D9E6E8 /* Specs */,
				5B89E13F2B8999E900D9E6E8 /* QuakeTowerTests.swift */,
				5B89E1A62B8C6A6C00D9E6E8 /* TestingError.swift */,
			);
			path = QuakeTowerTests;
			sourceTree = "<group>";
		};
		5B89E1482B8999E900D9E6E8 /* QuakeTowerUITests */ = {
			isa = PBXGroup;
			children = (
				5B89E1492B8999E900D9E6E8 /* QuakeTowerUITests.swift */,
				5B89E14B2B8999E900D9E6E8 /* QuakeTowerUITestsLaunchTests.swift */,
			);
			path = QuakeTowerUITests;
			sourceTree = "<group>";
		};
		5B89E15A2B89ADA800D9E6E8 /* Service */ = {
			isa = PBXGroup;
			children = (
				5B89E1832B89DF3A00D9E6E8 /* Infrastructure */,
				5B89E1712B89CF4A00D9E6E8 /* Application */,
				5B89E1702B89CF4100D9E6E8 /* Presentation */,
				5B89E1682B89B15F00D9E6E8 /* Domain */,
				5B89E1662B89AF6E00D9E6E8 /* ServiceErrors.swift */,
			);
			path = Service;
			sourceTree = "<group>";
		};
		5B89E15B2B89ADB700D9E6E8 /* System */ = {
			isa = PBXGroup;
			children = (
				5B89E15C2B89ADCF00D9E6E8 /* ViperProtocols.swift */,
				5B89E15E2B89AE0800D9E6E8 /* ViperExtensions.swift */,
				5B89E1602B89AE9300D9E6E8 /* Api.swift */,
				5B89E1622B89AF3B00D9E6E8 /* ApiClient.swift */,
				5B89E1642B89AF5200D9E6E8 /* SystemErrors.swift */,
				5B89E16C2B89B1AD00D9E6E8 /* Common.swift */,
				5B89E16E2B89B34600D9E6E8 /* Alertable.swift */,
				5B89E1992B8B3AC100D9E6E8 /* Extensions.swift */,
			);
			path = System;
			sourceTree = "<group>";
		};
		5B89E1682B89B15F00D9E6E8 /* Domain */ = {
			isa = PBXGroup;
			children = (
				5B89E18E2B89F27500D9E6E8 /* Models */,
				5B89E1872B89EF5800D9E6E8 /* Entities */,
				5B89E1692B89B16900D9E6E8 /* Interfaces */,
			);
			path = Domain;
			sourceTree = "<group>";
		};
		5B89E1692B89B16900D9E6E8 /* Interfaces */ = {
			isa = PBXGroup;
			children = (
				5B89E16A2B89B17500D9E6E8 /* ApiInterface.swift */,
			);
			path = Interfaces;
			sourceTree = "<group>";
		};
		5B89E1702B89CF4100D9E6E8 /* Presentation */ = {
			isa = PBXGroup;
			children = (
				5B89E1752B89D10900D9E6E8 /* Routers */,
				5B89E1742B89D0FD00D9E6E8 /* Presenters */,
				5B89E1732B89D0F700D9E6E8 /* Storyboards */,
				5B89E1722B89D0EC00D9E6E8 /* ViewControllers */,
				5B89E1A02B8C524F00D9E6E8 /* UIComponents */,
			);
			path = Presentation;
			sourceTree = "<group>";
		};
		5B89E1712B89CF4A00D9E6E8 /* Application */ = {
			isa = PBXGroup;
			children = (
				5B89E17E2B89D30C00D9E6E8 /* Usecases */,
			);
			path = Application;
			sourceTree = "<group>";
		};
		5B89E1722B89D0EC00D9E6E8 /* ViewControllers */ = {
			isa = PBXGroup;
			children = (
				5B89E1762B89D11C00D9E6E8 /* SignInViewController.swift */,
				5B89E1A92B8C764D00D9E6E8 /* SignUpViewController.swift */,
			);
			path = ViewControllers;
			sourceTree = "<group>";
		};
		5B89E1732B89D0F700D9E6E8 /* Storyboards */ = {
			isa = PBXGroup;
			children = (
				5B89E1782B89D23100D9E6E8 /* SignIn.storyboard */,
				5B89E1AB2B8C765600D9E6E8 /* SignUp.storyboard */,
			);
			path = Storyboards;
			sourceTree = "<group>";
		};
		5B89E1742B89D0FD00D9E6E8 /* Presenters */ = {
			isa = PBXGroup;
			children = (
				5B89E17A2B89D23D00D9E6E8 /* SignInPresenter.swift */,
				5B89E1AD2B8C766000D9E6E8 /* SignUpPresenter.swift */,
			);
			path = Presenters;
			sourceTree = "<group>";
		};
		5B89E1752B89D10900D9E6E8 /* Routers */ = {
			isa = PBXGroup;
			children = (
				5B89E17C2B89D24700D9E6E8 /* SignInRouter.swift */,
				5B89E1AF2B8C766700D9E6E8 /* SignUpRouter.swift */,
			);
			path = Routers;
			sourceTree = "<group>";
		};
		5B89E17E2B89D30C00D9E6E8 /* Usecases */ = {
			isa = PBXGroup;
			children = (
				5B89E17F2B89D31800D9E6E8 /* SignInInteractor.swift */,
				5B89E1B12B8C767000D9E6E8 /* SignUpInteractor.swift */,
			);
			path = Usecases;
			sourceTree = "<group>";
		};
		5B89E1832B89DF3A00D9E6E8 /* Infrastructure */ = {
			isa = PBXGroup;
			children = (
				5B89E1912B89F37000D9E6E8 /* DataStore */,
				5B89E1842B89DF4E00D9E6E8 /* API */,
			);
			path = Infrastructure;
			sourceTree = "<group>";
		};
		5B89E1842B89DF4E00D9E6E8 /* API */ = {
			isa = PBXGroup;
			children = (
				5B89E1852B89DF5600D9E6E8 /* Apis.swift */,
				5B89E18A2B89F0C900D9E6E8 /* ApiService.swift */,
				5B89E18C2B89F18000D9E6E8 /* AlamofireApiClient.swift */,
				5B89E1A42B8C6A4200D9E6E8 /* MockApiClient.swift */,
			);
			path = API;
			sourceTree = "<group>";
		};
		5B89E1872B89EF5800D9E6E8 /* Entities */ = {
			isa = PBXGroup;
			children = (
				5B89E1882B89EFFC00D9E6E8 /* SignInEntity.swift */,
				5B89E1B32B8C9D9500D9E6E8 /* SignUpEntity.swift */,
			);
			path = Entities;
			sourceTree = "<group>";
		};
		5B89E18E2B89F27500D9E6E8 /* Models */ = {
			isa = PBXGroup;
			children = (
				5B89E18F2B89F27D00D9E6E8 /* Session.swift */,
				5B89E1972B8A106400D9E6E8 /* QuakeTowerAccount.swift */,
			);
			path = Models;
			sourceTree = "<group>";
		};
		5B89E1912B89F37000D9E6E8 /* DataStore */ = {
			isa = PBXGroup;
			children = (
				5B89E1922B89F38300D9E6E8 /* Keychain.swift */,
				5B89E1942B89F41000D9E6E8 /* StoredValue.swift */,
			);
			path = DataStore;
			sourceTree = "<group>";
		};
		5B89E19B2B8C496800D9E6E8 /* Specs */ = {
			isa = PBXGroup;
			children = (
				5B89E19E2B8C4C2600D9E6E8 /* SignInSpec.swift */,
			);
			path = Specs;
			sourceTree = "<group>";
		};
		5B89E1A02B8C524F00D9E6E8 /* UIComponents */ = {
			isa = PBXGroup;
			children = (
				5B89E1A12B8C526800D9E6E8 /* Common */,
			);
			path = UIComponents;
			sourceTree = "<group>";
		};
		5B89E1A12B8C526800D9E6E8 /* Common */ = {
			isa = PBXGroup;
			children = (
			);
			path = Common;
			sourceTree = "<group>";
		};
		C636BC606C536BF1BB04A326 /* Frameworks */ = {
			isa = PBXGroup;
			children = (
				ACCCB3A93B8C59D1D47C8E1C /* Pods_QuakeTower.framework */,
				A0CA8F10A17F60A9711D8D75 /* Pods_QuakeTower_QuakeTowerUITests.framework */,
				B8938223B9ACD63FF506D606 /* Pods_QuakeTowerTests.framework */,
			);
			name = Frameworks;
			sourceTree = "<group>";
		};
/* End PBXGroup section */

/* Begin PBXNativeTarget section */
		5B89E1242B8999E900D9E6E8 /* QuakeTower */ = {
			isa = PBXNativeTarget;
			buildConfigurationList = 5B89E14F2B8999E900D9E6E8 /* Build configuration list for PBXNativeTarget "QuakeTower" */;
			buildPhases = (
				4FD669C339F24C6E9A9C59DA /* [CP] Check Pods Manifest.lock */,
				5B89E1582B899EB900D9E6E8 /* ShellScript */,
				5B89E1212B8999E900D9E6E8 /* Sources */,
				5B89E1222B8999E900D9E6E8 /* Frameworks */,
				5B89E1232B8999E900D9E6E8 /* Resources */,
				5B89E1592B89A05700D9E6E8 /* ShellScript */,
				BEFD46527EE93F3567C8391B /* [CP] Embed Pods Frameworks */,
			);
			buildRules = (
			);
			dependencies = (
			);
			name = QuakeTower;
			productName = QuakeTower;
			productReference = 5B89E1252B8999E900D9E6E8 /* QuakeTower.app */;
			productType = "com.apple.product-type.application";
		};
		5B89E13A2B8999E900D9E6E8 /* QuakeTowerTests */ = {
			isa = PBXNativeTarget;
			buildConfigurationList = 5B89E1522B8999E900D9E6E8 /* Build configuration list for PBXNativeTarget "QuakeTowerTests" */;
			buildPhases = (
				0D0A7C79941493C9A7C94F91 /* [CP] Check Pods Manifest.lock */,
				5B89E1372B8999E900D9E6E8 /* Sources */,
				5B89E1382B8999E900D9E6E8 /* Frameworks */,
				5B89E1392B8999E900D9E6E8 /* Resources */,
				D2F12A320A92F843DB4528DC /* [CP] Embed Pods Frameworks */,
			);
			buildRules = (
			);
			dependencies = (
				5B89E13D2B8999E900D9E6E8 /* PBXTargetDependency */,
			);
			name = QuakeTowerTests;
			productName = QuakeTowerTests;
			productReference = 5B89E13B2B8999E900D9E6E8 /* QuakeTowerTests.xctest */;
			productType = "com.apple.product-type.bundle.unit-test";
		};
		5B89E1442B8999E900D9E6E8 /* QuakeTowerUITests */ = {
			isa = PBXNativeTarget;
			buildConfigurationList = 5B89E1552B8999E900D9E6E8 /* Build configuration list for PBXNativeTarget "QuakeTowerUITests" */;
			buildPhases = (
				0E369A8A84B624BBB92FD8F7 /* [CP] Check Pods Manifest.lock */,
				5B89E1412B8999E900D9E6E8 /* Sources */,
				5B89E1422B8999E900D9E6E8 /* Frameworks */,
				5B89E1432B8999E900D9E6E8 /* Resources */,
				EE6AAC8E93E48CA2658F4D84 /* [CP] Embed Pods Frameworks */,
			);
			buildRules = (
			);
			dependencies = (
				5B89E1472B8999E900D9E6E8 /* PBXTargetDependency */,
			);
			name = QuakeTowerUITests;
			productName = QuakeTowerUITests;
			productReference = 5B89E1452B8999E900D9E6E8 /* QuakeTowerUITests.xctest */;
			productType = "com.apple.product-type.bundle.ui-testing";
		};
/* End PBXNativeTarget section */

/* Begin PBXProject section */
		5B89E11D2B8999E800D9E6E8 /* Project object */ = {
			isa = PBXProject;
			attributes = {
				BuildIndependentTargetsInParallel = 1;
				LastSwiftUpdateCheck = 1520;
				LastUpgradeCheck = 1520;
				TargetAttributes = {
					5B89E1242B8999E900D9E6E8 = {
						CreatedOnToolsVersion = 15.2;
					};
					5B89E13A2B8999E900D9E6E8 = {
						CreatedOnToolsVersion = 15.2;
						TestTargetID = 5B89E1242B8999E900D9E6E8;
					};
					5B89E1442B8999E900D9E6E8 = {
						CreatedOnToolsVersion = 15.2;
						TestTargetID = 5B89E1242B8999E900D9E6E8;
					};
				};
			};
			buildConfigurationList = 5B89E1202B8999E800D9E6E8 /* Build configuration list for PBXProject "QuakeTower" */;
			compatibilityVersion = "Xcode 14.0";
			developmentRegion = en;
			hasScannedForEncodings = 0;
			knownRegions = (
				en,
				Base,
			);
			mainGroup = 5B89E11C2B8999E800D9E6E8;
			productRefGroup = 5B89E1262B8999E900D9E6E8 /* Products */;
			projectDirPath = "";
			projectRoot = "";
			targets = (
				5B89E1242B8999E900D9E6E8 /* QuakeTower */,
				5B89E13A2B8999E900D9E6E8 /* QuakeTowerTests */,
				5B89E1442B8999E900D9E6E8 /* QuakeTowerUITests */,
			);
		};
/* End PBXProject section */

/* Begin PBXResourcesBuildPhase section */
		5B89E1232B8999E900D9E6E8 /* Resources */ = {
			isa = PBXResourcesBuildPhase;
			buildActionMask = 2147483647;
			files = (
				5B89E1792B89D23100D9E6E8 /* SignIn.storyboard in Resources */,
				5B89E1352B8999E900D9E6E8 /* LaunchScreen.storyboard in Resources */,
				5B89E1322B8999E900D9E6E8 /* Assets.xcassets in Resources */,
				5B89E1302B8999E900D9E6E8 /* Main.storyboard in Resources */,
				5B89E1AC2B8C765600D9E6E8 /* SignUp.storyboard in Resources */,
			);
			runOnlyForDeploymentPostprocessing = 0;
		};
		5B89E1392B8999E900D9E6E8 /* Resources */ = {
			isa = PBXResourcesBuildPhase;
			buildActionMask = 2147483647;
			files = (
			);
			runOnlyForDeploymentPostprocessing = 0;
		};
		5B89E1432B8999E900D9E6E8 /* Resources */ = {
			isa = PBXResourcesBuildPhase;
			buildActionMask = 2147483647;
			files = (
			);
			runOnlyForDeploymentPostprocessing = 0;
		};
/* End PBXResourcesBuildPhase section */

/* Begin PBXShellScriptBuildPhase section */
		0D0A7C79941493C9A7C94F91 /* [CP] Check Pods Manifest.lock */ = {
			isa = PBXShellScriptBuildPhase;
			buildActionMask = 2147483647;
			files = (
			);
			inputFileListPaths = (
			);
			inputPaths = (
				"${PODS_PODFILE_DIR_PATH}/Podfile.lock",
				"${PODS_ROOT}/Manifest.lock",
			);
			name = "[CP] Check Pods Manifest.lock";
			outputFileListPaths = (
			);
			outputPaths = (
				"$(DERIVED_FILE_DIR)/Pods-QuakeTowerTests-checkManifestLockResult.txt",
			);
			runOnlyForDeploymentPostprocessing = 0;
			shellPath = /bin/sh;
			shellScript = "diff \"${PODS_PODFILE_DIR_PATH}/Podfile.lock\" \"${PODS_ROOT}/Manifest.lock\" > /dev/null\nif [ $? != 0 ] ; then\n    # print error to STDERR\n    echo \"error: The sandbox is not in sync with the Podfile.lock. Run 'pod install' or update your CocoaPods installation.\" >&2\n    exit 1\nfi\n# This output is used by Xcode 'outputs' to avoid re-running this script phase.\necho \"SUCCESS\" > \"${SCRIPT_OUTPUT_FILE_0}\"\n";
			showEnvVarsInLog = 0;
		};
		0E369A8A84B624BBB92FD8F7 /* [CP] Check Pods Manifest.lock */ = {
			isa = PBXShellScriptBuildPhase;
			buildActionMask = 2147483647;
			files = (
			);
			inputFileListPaths = (
			);
			inputPaths = (
				"${PODS_PODFILE_DIR_PATH}/Podfile.lock",
				"${PODS_ROOT}/Manifest.lock",
			);
			name = "[CP] Check Pods Manifest.lock";
			outputFileListPaths = (
			);
			outputPaths = (
				"$(DERIVED_FILE_DIR)/Pods-QuakeTower-QuakeTowerUITests-checkManifestLockResult.txt",
			);
			runOnlyForDeploymentPostprocessing = 0;
			shellPath = /bin/sh;
			shellScript = "diff \"${PODS_PODFILE_DIR_PATH}/Podfile.lock\" \"${PODS_ROOT}/Manifest.lock\" > /dev/null\nif [ $? != 0 ] ; then\n    # print error to STDERR\n    echo \"error: The sandbox is not in sync with the Podfile.lock. Run 'pod install' or update your CocoaPods installation.\" >&2\n    exit 1\nfi\n# This output is used by Xcode 'outputs' to avoid re-running this script phase.\necho \"SUCCESS\" > \"${SCRIPT_OUTPUT_FILE_0}\"\n";
			showEnvVarsInLog = 0;
		};
		4FD669C339F24C6E9A9C59DA /* [CP] Check Pods Manifest.lock */ = {
			isa = PBXShellScriptBuildPhase;
			buildActionMask = 2147483647;
			files = (
			);
			inputFileListPaths = (
			);
			inputPaths = (
				"${PODS_PODFILE_DIR_PATH}/Podfile.lock",
				"${PODS_ROOT}/Manifest.lock",
			);
			name = "[CP] Check Pods Manifest.lock";
			outputFileListPaths = (
			);
			outputPaths = (
				"$(DERIVED_FILE_DIR)/Pods-QuakeTower-checkManifestLockResult.txt",
			);
			runOnlyForDeploymentPostprocessing = 0;
			shellPath = /bin/sh;
			shellScript = "diff \"${PODS_PODFILE_DIR_PATH}/Podfile.lock\" \"${PODS_ROOT}/Manifest.lock\" > /dev/null\nif [ $? != 0 ] ; then\n    # print error to STDERR\n    echo \"error: The sandbox is not in sync with the Podfile.lock. Run 'pod install' or update your CocoaPods installation.\" >&2\n    exit 1\nfi\n# This output is used by Xcode 'outputs' to avoid re-running this script phase.\necho \"SUCCESS\" > \"${SCRIPT_OUTPUT_FILE_0}\"\n";
			showEnvVarsInLog = 0;
		};
		5B89E1582B899EB900D9E6E8 /* ShellScript */ = {
			isa = PBXShellScriptBuildPhase;
			buildActionMask = 2147483647;
			files = (
			);
			inputFileListPaths = (
			);
			inputPaths = (
				"$SRCROOT/rswift-lastrun",
			);
			outputFileListPaths = (
			);
			outputPaths = (
				$SRCROOT/QuakeTower/R.generated.swift,
			);
			runOnlyForDeploymentPostprocessing = 0;
			shellPath = /bin/sh;
			shellScript = "\"$PODS_ROOT/R.swift/rswift\" generate \"$SRCROOT/QuakeTower/R.generated.swift\"\n";
		};
		5B89E1592B89A05700D9E6E8 /* ShellScript */ = {
			isa = PBXShellScriptBuildPhase;
			buildActionMask = 2147483647;
			files = (
			);
			inputFileListPaths = (
			);
			inputPaths = (
			);
			outputFileListPaths = (
			);
			outputPaths = (
			);
			runOnlyForDeploymentPostprocessing = 0;
			shellPath = /bin/sh;
			shellScript = "if test -d /opt/homebrew/bin; then\n    PATH=/opt/homebrew/bin/:$PATH\nfi\n\nif which swiftlint >/dev/null; then\n  swiftlint\nelse\n  echo \"SwiftLint does not exist, download from https://github.com/realm/SwiftLint\"\nfi\n";
		};
		BEFD46527EE93F3567C8391B /* [CP] Embed Pods Frameworks */ = {
			isa = PBXShellScriptBuildPhase;
			buildActionMask = 2147483647;
			files = (
			);
			inputFileListPaths = (
				"${PODS_ROOT}/Target Support Files/Pods-QuakeTower/Pods-QuakeTower-frameworks-${CONFIGURATION}-input-files.xcfilelist",
			);
			name = "[CP] Embed Pods Frameworks";
			outputFileListPaths = (
				"${PODS_ROOT}/Target Support Files/Pods-QuakeTower/Pods-QuakeTower-frameworks-${CONFIGURATION}-output-files.xcfilelist",
			);
			runOnlyForDeploymentPostprocessing = 0;
			shellPath = /bin/sh;
			shellScript = "\"${PODS_ROOT}/Target Support Files/Pods-QuakeTower/Pods-QuakeTower-frameworks.sh\"\n";
			showEnvVarsInLog = 0;
		};
		D2F12A320A92F843DB4528DC /* [CP] Embed Pods Frameworks */ = {
			isa = PBXShellScriptBuildPhase;
			buildActionMask = 2147483647;
			files = (
			);
			inputFileListPaths = (
				"${PODS_ROOT}/Target Support Files/Pods-QuakeTowerTests/Pods-QuakeTowerTests-frameworks-${CONFIGURATION}-input-files.xcfilelist",
			);
			name = "[CP] Embed Pods Frameworks";
			outputFileListPaths = (
				"${PODS_ROOT}/Target Support Files/Pods-QuakeTowerTests/Pods-QuakeTowerTests-frameworks-${CONFIGURATION}-output-files.xcfilelist",
			);
			runOnlyForDeploymentPostprocessing = 0;
			shellPath = /bin/sh;
			shellScript = "\"${PODS_ROOT}/Target Support Files/Pods-QuakeTowerTests/Pods-QuakeTowerTests-frameworks.sh\"\n";
			showEnvVarsInLog = 0;
		};
		EE6AAC8E93E48CA2658F4D84 /* [CP] Embed Pods Frameworks */ = {
			isa = PBXShellScriptBuildPhase;
			buildActionMask = 2147483647;
			files = (
			);
			inputFileListPaths = (
				"${PODS_ROOT}/Target Support Files/Pods-QuakeTower-QuakeTowerUITests/Pods-QuakeTower-QuakeTowerUITests-frameworks-${CONFIGURATION}-input-files.xcfilelist",
			);
			name = "[CP] Embed Pods Frameworks";
			outputFileListPaths = (
				"${PODS_ROOT}/Target Support Files/Pods-QuakeTower-QuakeTowerUITests/Pods-QuakeTower-QuakeTowerUITests-frameworks-${CONFIGURATION}-output-files.xcfilelist",
			);
			runOnlyForDeploymentPostprocessing = 0;
			shellPath = /bin/sh;
			shellScript = "\"${PODS_ROOT}/Target Support Files/Pods-QuakeTower-QuakeTowerUITests/Pods-QuakeTower-QuakeTowerUITests-frameworks.sh\"\n";
			showEnvVarsInLog = 0;
		};
/* End PBXShellScriptBuildPhase section */

/* Begin PBXSourcesBuildPhase section */
		5B89E1212B8999E900D9E6E8 /* Sources */ = {
			isa = PBXSourcesBuildPhase;
			buildActionMask = 2147483647;
			files = (
				5B89E1632B89AF3B00D9E6E8 /* ApiClient.swift in Sources */,
				5B89E1A82B8C6A7800D9E6E8 /* TestingError.swift in Sources */,
				5B89E1B22B8C767000D9E6E8 /* SignUpInteractor.swift in Sources */,
				5B89E1672B89AF6E00D9E6E8 /* ServiceErrors.swift in Sources */,
				5B89E18D2B89F18000D9E6E8 /* AlamofireApiClient.swift in Sources */,
				5B89E1612B89AE9300D9E6E8 /* Api.swift in Sources */,
				5B89E15F2B89AE0800D9E6E8 /* ViperExtensions.swift in Sources */,
				5B89E1892B89EFFC00D9E6E8 /* SignInEntity.swift in Sources */,
				5B89E1802B89D31800D9E6E8 /* SignInInteractor.swift in Sources */,
				5B89E1982B8A106400D9E6E8 /* QuakeTowerAccount.swift in Sources */,
				5B89E18B2B89F0C900D9E6E8 /* ApiService.swift in Sources */,
				5B89E17B2B89D23D00D9E6E8 /* SignInPresenter.swift in Sources */,
				5B89E1862B89DF5600D9E6E8 /* Apis.swift in Sources */,
				5B89E16D2B89B1AD00D9E6E8 /* Common.swift in Sources */,
				5B89E1932B89F38300D9E6E8 /* Keychain.swift in Sources */,
				5B89E17D2B89D24700D9E6E8 /* SignInRouter.swift in Sources */,
				5B89E1B42B8C9D9500D9E6E8 /* SignUpEntity.swift in Sources */,
				5B89E1822B89D39800D9E6E8 /* R.generated.swift in Sources */,
				5B89E1AA2B8C764D00D9E6E8 /* SignUpViewController.swift in Sources */,
				5B89E1772B89D11C00D9E6E8 /* SignInViewController.swift in Sources */,
				5B89E1AE2B8C766000D9E6E8 /* SignUpPresenter.swift in Sources */,
				5B89E16B2B89B17500D9E6E8 /* ApiInterface.swift in Sources */,
				5B89E16F2B89B34600D9E6E8 /* Alertable.swift in Sources */,
				5B89E12D2B8999E900D9E6E8 /* ViewController.swift in Sources */,
				5B89E1952B89F41000D9E6E8 /* StoredValue.swift in Sources */,
				5B89E1292B8999E900D9E6E8 /* AppDelegate.swift in Sources */,
				5B89E19A2B8B3AC100D9E6E8 /* Extensions.swift in Sources */,
				5B89E1902B89F27D00D9E6E8 /* Session.swift in Sources */,
				5B89E15D2B89ADCF00D9E6E8 /* ViperProtocols.swift in Sources */,
				5B89E12B2B8999E900D9E6E8 /* SceneDelegate.swift in Sources */,
				5B89E1B02B8C766700D9E6E8 /* SignUpRouter.swift in Sources */,
				5B89E1A52B8C6A4200D9E6E8 /* MockApiClient.swift in Sources */,
				5B89E1652B89AF5200D9E6E8 /* SystemErrors.swift in Sources */,
			);
			runOnlyForDeploymentPostprocessing = 0;
		};
		5B89E1372B8999E900D9E6E8 /* Sources */ = {
			isa = PBXSourcesBuildPhase;
			buildActionMask = 2147483647;
			files = (
				5B89E1A72B8C6A6C00D9E6E8 /* TestingError.swift in Sources */,
				5B89E19F2B8C4C2600D9E6E8 /* SignInSpec.swift in Sources */,
				5B89E1402B8999E900D9E6E8 /* QuakeTowerTests.swift in Sources */,
			);
			runOnlyForDeploymentPostprocessing = 0;
		};
		5B89E1412B8999E900D9E6E8 /* Sources */ = {
			isa = PBXSourcesBuildPhase;
			buildActionMask = 2147483647;
			files = (
				5B89E14C2B8999E900D9E6E8 /* QuakeTowerUITestsLaunchTests.swift in Sources */,
				5B89E14A2B8999E900D9E6E8 /* QuakeTowerUITests.swift in Sources */,
			);
			runOnlyForDeploymentPostprocessing = 0;
		};
/* End PBXSourcesBuildPhase section */

/* Begin PBXTargetDependency section */
		5B89E13D2B8999E900D9E6E8 /* PBXTargetDependency */ = {
			isa = PBXTargetDependency;
			target = 5B89E1242B8999E900D9E6E8 /* QuakeTower */;
			targetProxy = 5B89E13C2B8999E900D9E6E8 /* PBXContainerItemProxy */;
		};
		5B89E1472B8999E900D9E6E8 /* PBXTargetDependency */ = {
			isa = PBXTargetDependency;
			target = 5B89E1242B8999E900D9E6E8 /* QuakeTower */;
			targetProxy = 5B89E1462B8999E900D9E6E8 /* PBXContainerItemProxy */;
		};
/* End PBXTargetDependency section */

/* Begin PBXVariantGroup section */
		5B89E12E2B8999E900D9E6E8 /* Main.storyboard */ = {
			isa = PBXVariantGroup;
			children = (
				5B89E12F2B8999E900D9E6E8 /* Base */,
			);
			name = Main.storyboard;
			sourceTree = "<group>";
		};
		5B89E1332B8999E900D9E6E8 /* LaunchScreen.storyboard */ = {
			isa = PBXVariantGroup;
			children = (
				5B89E1342B8999E900D9E6E8 /* Base */,
			);
			name = LaunchScreen.storyboard;
			sourceTree = "<group>";
		};
/* End PBXVariantGroup section */

/* Begin XCBuildConfiguration section */
		5B89E14D2B8999E900D9E6E8 /* Debug */ = {
			isa = XCBuildConfiguration;
			buildSettings = {
				ALWAYS_SEARCH_USER_PATHS = NO;
				ASSETCATALOG_COMPILER_GENERATE_SWIFT_ASSET_SYMBOL_EXTENSIONS = YES;
				CLANG_ANALYZER_NONNULL = YES;
				CLANG_ANALYZER_NUMBER_OBJECT_CONVERSION = YES_AGGRESSIVE;
				CLANG_CXX_LANGUAGE_STANDARD = "gnu++20";
				CLANG_ENABLE_MODULES = YES;
				CLANG_ENABLE_OBJC_ARC = YES;
				CLANG_ENABLE_OBJC_WEAK = YES;
				CLANG_WARN_BLOCK_CAPTURE_AUTORELEASING = YES;
				CLANG_WARN_BOOL_CONVERSION = YES;
				CLANG_WARN_COMMA = YES;
				CLANG_WARN_CONSTANT_CONVERSION = YES;
				CLANG_WARN_DEPRECATED_OBJC_IMPLEMENTATIONS = YES;
				CLANG_WARN_DIRECT_OBJC_ISA_USAGE = YES_ERROR;
				CLANG_WARN_DOCUMENTATION_COMMENTS = YES;
				CLANG_WARN_EMPTY_BODY = YES;
				CLANG_WARN_ENUM_CONVERSION = YES;
				CLANG_WARN_INFINITE_RECURSION = YES;
				CLANG_WARN_INT_CONVERSION = YES;
				CLANG_WARN_NON_LITERAL_NULL_CONVERSION = YES;
				CLANG_WARN_OBJC_IMPLICIT_RETAIN_SELF = YES;
				CLANG_WARN_OBJC_LITERAL_CONVERSION = YES;
				CLANG_WARN_OBJC_ROOT_CLASS = YES_ERROR;
				CLANG_WARN_QUOTED_INCLUDE_IN_FRAMEWORK_HEADER = YES;
				CLANG_WARN_RANGE_LOOP_ANALYSIS = YES;
				CLANG_WARN_STRICT_PROTOTYPES = YES;
				CLANG_WARN_SUSPICIOUS_MOVE = YES;
				CLANG_WARN_UNGUARDED_AVAILABILITY = YES_AGGRESSIVE;
				CLANG_WARN_UNREACHABLE_CODE = YES;
				CLANG_WARN__DUPLICATE_METHOD_MATCH = YES;
				COPY_PHASE_STRIP = NO;
				DEBUG_INFORMATION_FORMAT = dwarf;
				ENABLE_STRICT_OBJC_MSGSEND = YES;
				ENABLE_TESTABILITY = YES;
				ENABLE_USER_SCRIPT_SANDBOXING = NO;
				GCC_C_LANGUAGE_STANDARD = gnu17;
				GCC_DYNAMIC_NO_PIC = NO;
				GCC_NO_COMMON_BLOCKS = YES;
				GCC_OPTIMIZATION_LEVEL = 0;
				GCC_PREPROCESSOR_DEFINITIONS = (
					"DEBUG=1",
					"$(inherited)",
				);
				GCC_WARN_64_TO_32_BIT_CONVERSION = YES;
				GCC_WARN_ABOUT_RETURN_TYPE = YES_ERROR;
				GCC_WARN_UNDECLARED_SELECTOR = YES;
				GCC_WARN_UNINITIALIZED_AUTOS = YES_AGGRESSIVE;
				GCC_WARN_UNUSED_FUNCTION = YES;
				GCC_WARN_UNUSED_VARIABLE = YES;
				IPHONEOS_DEPLOYMENT_TARGET = 17.2;
				LOCALIZATION_PREFERS_STRING_CATALOGS = YES;
				MTL_ENABLE_DEBUG_INFO = INCLUDE_SOURCE;
				MTL_FAST_MATH = YES;
				ONLY_ACTIVE_ARCH = YES;
				SDKROOT = iphoneos;
				SWIFT_ACTIVE_COMPILATION_CONDITIONS = "DEBUG $(inherited)";
				SWIFT_OPTIMIZATION_LEVEL = "-Onone";
			};
			name = Debug;
		};
		5B89E14E2B8999E900D9E6E8 /* Release */ = {
			isa = XCBuildConfiguration;
			buildSettings = {
				ALWAYS_SEARCH_USER_PATHS = NO;
				ASSETCATALOG_COMPILER_GENERATE_SWIFT_ASSET_SYMBOL_EXTENSIONS = YES;
				CLANG_ANALYZER_NONNULL = YES;
				CLANG_ANALYZER_NUMBER_OBJECT_CONVERSION = YES_AGGRESSIVE;
				CLANG_CXX_LANGUAGE_STANDARD = "gnu++20";
				CLANG_ENABLE_MODULES = YES;
				CLANG_ENABLE_OBJC_ARC = YES;
				CLANG_ENABLE_OBJC_WEAK = YES;
				CLANG_WARN_BLOCK_CAPTURE_AUTORELEASING = YES;
				CLANG_WARN_BOOL_CONVERSION = YES;
				CLANG_WARN_COMMA = YES;
				CLANG_WARN_CONSTANT_CONVERSION = YES;
				CLANG_WARN_DEPRECATED_OBJC_IMPLEMENTATIONS = YES;
				CLANG_WARN_DIRECT_OBJC_ISA_USAGE = YES_ERROR;
				CLANG_WARN_DOCUMENTATION_COMMENTS = YES;
				CLANG_WARN_EMPTY_BODY = YES;
				CLANG_WARN_ENUM_CONVERSION = YES;
				CLANG_WARN_INFINITE_RECURSION = YES;
				CLANG_WARN_INT_CONVERSION = YES;
				CLANG_WARN_NON_LITERAL_NULL_CONVERSION = YES;
				CLANG_WARN_OBJC_IMPLICIT_RETAIN_SELF = YES;
				CLANG_WARN_OBJC_LITERAL_CONVERSION = YES;
				CLANG_WARN_OBJC_ROOT_CLASS = YES_ERROR;
				CLANG_WARN_QUOTED_INCLUDE_IN_FRAMEWORK_HEADER = YES;
				CLANG_WARN_RANGE_LOOP_ANALYSIS = YES;
				CLANG_WARN_STRICT_PROTOTYPES = YES;
				CLANG_WARN_SUSPICIOUS_MOVE = YES;
				CLANG_WARN_UNGUARDED_AVAILABILITY = YES_AGGRESSIVE;
				CLANG_WARN_UNREACHABLE_CODE = YES;
				CLANG_WARN__DUPLICATE_METHOD_MATCH = YES;
				COPY_PHASE_STRIP = NO;
				DEBUG_INFORMATION_FORMAT = "dwarf-with-dsym";
				ENABLE_NS_ASSERTIONS = NO;
				ENABLE_STRICT_OBJC_MSGSEND = YES;
				ENABLE_USER_SCRIPT_SANDBOXING = NO;
				GCC_C_LANGUAGE_STANDARD = gnu17;
				GCC_NO_COMMON_BLOCKS = YES;
				GCC_WARN_64_TO_32_BIT_CONVERSION = YES;
				GCC_WARN_ABOUT_RETURN_TYPE = YES_ERROR;
				GCC_WARN_UNDECLARED_SELECTOR = YES;
				GCC_WARN_UNINITIALIZED_AUTOS = YES_AGGRESSIVE;
				GCC_WARN_UNUSED_FUNCTION = YES;
				GCC_WARN_UNUSED_VARIABLE = YES;
				IPHONEOS_DEPLOYMENT_TARGET = 17.2;
				LOCALIZATION_PREFERS_STRING_CATALOGS = YES;
				MTL_ENABLE_DEBUG_INFO = NO;
				MTL_FAST_MATH = YES;
				SDKROOT = iphoneos;
				SWIFT_COMPILATION_MODE = wholemodule;
				VALIDATE_PRODUCT = YES;
			};
			name = Release;
		};
		5B89E1502B8999E900D9E6E8 /* Debug */ = {
			isa = XCBuildConfiguration;
			baseConfigurationReference = 0DF0B1D014E9562A126F255B /* Pods-QuakeTower.debug.xcconfig */;
			buildSettings = {
				ASSETCATALOG_COMPILER_APPICON_NAME = AppIcon;
				ASSETCATALOG_COMPILER_GLOBAL_ACCENT_COLOR_NAME = AccentColor;
				BASE_API = "https://dev.saito.arch/";
				CODE_SIGN_STYLE = Automatic;
				CURRENT_PROJECT_VERSION = 1;
				GENERATE_INFOPLIST_FILE = YES;
				INFOPLIST_FILE = QuakeTower/Info.plist;
				INFOPLIST_KEY_UIApplicationSupportsIndirectInputEvents = YES;
				INFOPLIST_KEY_UILaunchStoryboardName = LaunchScreen;
				INFOPLIST_KEY_UIMainStoryboardFile = Main;
				INFOPLIST_KEY_UISupportedInterfaceOrientations_iPad = "UIInterfaceOrientationPortrait UIInterfaceOrientationPortraitUpsideDown UIInterfaceOrientationLandscapeLeft UIInterfaceOrientationLandscapeRight";
				INFOPLIST_KEY_UISupportedInterfaceOrientations_iPhone = "UIInterfaceOrientationPortrait UIInterfaceOrientationLandscapeLeft UIInterfaceOrientationLandscapeRight";
				LD_RUNPATH_SEARCH_PATHS = (
					"$(inherited)",
					"@executable_path/Frameworks",
				);
				MARKETING_VERSION = 1.0;
				PRODUCT_BUNDLE_IDENTIFIER = arch.saito.QuakeTower;
				PRODUCT_NAME = "$(TARGET_NAME)";
				SWIFT_EMIT_LOC_STRINGS = YES;
				SWIFT_VERSION = 5.0;
				TARGETED_DEVICE_FAMILY = "1,2";
			};
			name = Debug;
		};
		5B89E1512B8999E900D9E6E8 /* Release */ = {
			isa = XCBuildConfiguration;
			baseConfigurationReference = 7EFE7A18761178982EFA008D /* Pods-QuakeTower.release.xcconfig */;
			buildSettings = {
				ASSETCATALOG_COMPILER_APPICON_NAME = AppIcon;
				ASSETCATALOG_COMPILER_GLOBAL_ACCENT_COLOR_NAME = AccentColor;
				BASE_API = "https://saito.arch/";
				CODE_SIGN_STYLE = Automatic;
				CURRENT_PROJECT_VERSION = 1;
				GENERATE_INFOPLIST_FILE = YES;
				INFOPLIST_FILE = QuakeTower/Info.plist;
				INFOPLIST_KEY_UIApplicationSupportsIndirectInputEvents = YES;
				INFOPLIST_KEY_UILaunchStoryboardName = LaunchScreen;
				INFOPLIST_KEY_UIMainStoryboardFile = Main;
				INFOPLIST_KEY_UISupportedInterfaceOrientations_iPad = "UIInterfaceOrientationPortrait UIInterfaceOrientationPortraitUpsideDown UIInterfaceOrientationLandscapeLeft UIInterfaceOrientationLandscapeRight";
				INFOPLIST_KEY_UISupportedInterfaceOrientations_iPhone = "UIInterfaceOrientationPortrait UIInterfaceOrientationLandscapeLeft UIInterfaceOrientationLandscapeRight";
				LD_RUNPATH_SEARCH_PATHS = (
					"$(inherited)",
					"@executable_path/Frameworks",
				);
				MARKETING_VERSION = 1.0;
				PRODUCT_BUNDLE_IDENTIFIER = arch.saito.QuakeTower;
				PRODUCT_NAME = "$(TARGET_NAME)";
				SWIFT_EMIT_LOC_STRINGS = YES;
				SWIFT_VERSION = 5.0;
				TARGETED_DEVICE_FAMILY = "1,2";
			};
			name = Release;
		};
		5B89E1532B8999E900D9E6E8 /* Debug */ = {
			isa = XCBuildConfiguration;
			baseConfigurationReference = 241C326D89AA8AF5DF540DA9 /* Pods-QuakeTowerTests.debug.xcconfig */;
			buildSettings = {
				ALWAYS_EMBED_SWIFT_STANDARD_LIBRARIES = YES;
				BUNDLE_LOADER = "$(TEST_HOST)";
				CODE_SIGN_STYLE = Automatic;
				CURRENT_PROJECT_VERSION = 1;
				GENERATE_INFOPLIST_FILE = YES;
				IPHONEOS_DEPLOYMENT_TARGET = 17.2;
				MARKETING_VERSION = 1.0;
				PRODUCT_BUNDLE_IDENTIFIER = arch.saito.QuakeTowerTests;
				PRODUCT_NAME = "$(TARGET_NAME)";
				SWIFT_EMIT_LOC_STRINGS = NO;
				SWIFT_VERSION = 5.0;
				TARGETED_DEVICE_FAMILY = "1,2";
				TEST_HOST = "$(BUILT_PRODUCTS_DIR)/QuakeTower.app/$(BUNDLE_EXECUTABLE_FOLDER_PATH)/QuakeTower";
			};
			name = Debug;
		};
		5B89E1542B8999E900D9E6E8 /* Release */ = {
			isa = XCBuildConfiguration;
			baseConfigurationReference = B88474D3EE97E74CBD160449 /* Pods-QuakeTowerTests.release.xcconfig */;
			buildSettings = {
				ALWAYS_EMBED_SWIFT_STANDARD_LIBRARIES = YES;
				BUNDLE_LOADER = "$(TEST_HOST)";
				CODE_SIGN_STYLE = Automatic;
				CURRENT_PROJECT_VERSION = 1;
				GENERATE_INFOPLIST_FILE = YES;
				IPHONEOS_DEPLOYMENT_TARGET = 17.2;
				MARKETING_VERSION = 1.0;
				PRODUCT_BUNDLE_IDENTIFIER = arch.saito.QuakeTowerTests;
				PRODUCT_NAME = "$(TARGET_NAME)";
				SWIFT_EMIT_LOC_STRINGS = NO;
				SWIFT_VERSION = 5.0;
				TARGETED_DEVICE_FAMILY = "1,2";
				TEST_HOST = "$(BUILT_PRODUCTS_DIR)/QuakeTower.app/$(BUNDLE_EXECUTABLE_FOLDER_PATH)/QuakeTower";
			};
			name = Release;
		};
		5B89E1562B8999E900D9E6E8 /* Debug */ = {
			isa = XCBuildConfiguration;
			baseConfigurationReference = 6582F4CA4A8ADC8A108F7FE8 /* Pods-QuakeTower-QuakeTowerUITests.debug.xcconfig */;
			buildSettings = {
				ALWAYS_EMBED_SWIFT_STANDARD_LIBRARIES = YES;
				CODE_SIGN_STYLE = Automatic;
				CURRENT_PROJECT_VERSION = 1;
				GENERATE_INFOPLIST_FILE = YES;
				MARKETING_VERSION = 1.0;
				PRODUCT_BUNDLE_IDENTIFIER = arch.saito.QuakeTowerUITests;
				PRODUCT_NAME = "$(TARGET_NAME)";
				SWIFT_EMIT_LOC_STRINGS = NO;
				SWIFT_VERSION = 5.0;
				TARGETED_DEVICE_FAMILY = "1,2";
				TEST_TARGET_NAME = QuakeTower;
			};
			name = Debug;
		};
		5B89E1572B8999E900D9E6E8 /* Release */ = {
			isa = XCBuildConfiguration;
			baseConfigurationReference = 40487BDA4E5D95D6FA584AC2 /* Pods-QuakeTower-QuakeTowerUITests.release.xcconfig */;
			buildSettings = {
				ALWAYS_EMBED_SWIFT_STANDARD_LIBRARIES = YES;
				CODE_SIGN_STYLE = Automatic;
				CURRENT_PROJECT_VERSION = 1;
				GENERATE_INFOPLIST_FILE = YES;
				MARKETING_VERSION = 1.0;
				PRODUCT_BUNDLE_IDENTIFIER = arch.saito.QuakeTowerUITests;
				PRODUCT_NAME = "$(TARGET_NAME)";
				SWIFT_EMIT_LOC_STRINGS = NO;
				SWIFT_VERSION = 5.0;
				TARGETED_DEVICE_FAMILY = "1,2";
				TEST_TARGET_NAME = QuakeTower;
			};
			name = Release;
		};
/* End XCBuildConfiguration section */

/* Begin XCConfigurationList section */
		5B89E1202B8999E800D9E6E8 /* Build configuration list for PBXProject "QuakeTower" */ = {
			isa = XCConfigurationList;
			buildConfigurations = (
				5B89E14D2B8999E900D9E6E8 /* Debug */,
				5B89E14E2B8999E900D9E6E8 /* Release */,
			);
			defaultConfigurationIsVisible = 0;
			defaultConfigurationName = Release;
		};
		5B89E14F2B8999E900D9E6E8 /* Build configuration list for PBXNativeTarget "QuakeTower" */ = {
			isa = XCConfigurationList;
			buildConfigurations = (
				5B89E1502B8999E900D9E6E8 /* Debug */,
				5B89E1512B8999E900D9E6E8 /* Release */,
			);
			defaultConfigurationIsVisible = 0;
			defaultConfigurationName = Release;
		};
		5B89E1522B8999E900D9E6E8 /* Build configuration list for PBXNativeTarget "QuakeTowerTests" */ = {
			isa = XCConfigurationList;
			buildConfigurations = (
				5B89E1532B8999E900D9E6E8 /* Debug */,
				5B89E1542B8999E900D9E6E8 /* Release */,
			);
			defaultConfigurationIsVisible = 0;
			defaultConfigurationName = Release;
		};
		5B89E1552B8999E900D9E6E8 /* Build configuration list for PBXNativeTarget "QuakeTowerUITests" */ = {
			isa = XCConfigurationList;
			buildConfigurations = (
				5B89E1562B8999E900D9E6E8 /* Debug */,
				5B89E1572B8999E900D9E6E8 /* Release */,
			);
			defaultConfigurationIsVisible = 0;
			defaultConfigurationName = Release;
		};
/* End XCConfigurationList section */
	};
	rootObject = 5B89E11D2B8999E800D9E6E8 /* Project object */;
}
